uuid: 39e2d5b0-b3f1-4c38-868f-32a483024235
langcode: en
status: true
dependencies:
  content:
    - 'block_content:basic:1ba3a5d2-31d7-4b43-a41a-44c577bdfceb'
  module:
    - block_content
  theme:
    - customolivero
id: customolivero_welcomeblock
theme: customolivero
region: sidebar_first
weight: -7
provider: null
plugin: 'block_content:1ba3a5d2-31d7-4b43-a41a-44c577bdfceb'
settings:
  id: 'block_content:1ba3a5d2-31d7-4b43-a41a-44c577bdfceb'
  label: 'Welcome Block'
  label_display: '0'
  provider: block_content
  status: true
  info: ''
  view_mode: full
visibility: {  }
