uuid: 7f8e6951-a8bb-4ced-841f-b1ce56442faf
langcode: en
status: true
dependencies:
  module:
    - block_content
  enforced:
    module:
      - gutenberg
_core:
  default_config_hash: 0nRdlyXwWiWvI4FdhHFKcKfOGaW3sirwqY0dUr5JIlg
id: block_content.reusable_block
label: 'Reusable block'
description: ''
targetEntityType: block_content
cache: true
