uuid: 3138099a-5de5-4099-a173-076e6d0d41bb
langcode: en
status: true
dependencies:
  config:
    - block_content.type.brochure_block
  module:
    - content_translation
third_party_settings:
  content_translation:
    enabled: false
    bundle_settings:
      untranslatable_fields_hide: '0'
id: block_content.brochure_block
target_entity_type_id: block_content
target_bundle: brochure_block
default_langcode: site_default
language_alterable: false
